dependencies:
- name: postgresql
  repository: https://charts.bitnami.com/bitnami
  version: 12.2.1
- name: redis
  repository: https://charts.bitnami.com/bitnami
  version: 17.7.5
- name: zimagi-lib
  repository: https://charts.zimagi.com
  version: 0.0.16
digest: sha256:eff192868de19cb2cdcbb264c0231ab1b79e9aa9b647144ddd7ba5ebb75c3cd9
generated: "2023-02-19T01:49:33.446887823-05:00"
